# This file is automatically @generated by Poetry 1.8.3 and should not be changed by hand.

[[package]]
name = "pybase62"
version = "1.0.0"
description = "Python module for base62 encoding"
optional = false
python-versions = "*"
files = [
    {file = "pybase62-1.0.0-py3-none-any.whl", hash = "sha256:60539ad956ec9e9de091bc7ae88c9550bc2fa17f503050cf34d021b75e73cb27"},
]

[metadata]
lock-version = "2.0"
python-versions = "^3.9"
content-hash = "054acc52510ff8402b70feb1b70c88c94e9a10d39da0556941c98eacd26a7cfa"
